
Microsoft Visual Studio Solution File, Format Version 12.00
# Visual Studio 14
VisualStudioVersion = 14.0.23107.0
MinimumVisualStudioVersion = 10.0.40219.1
Project("{2150E333-8FDC-42A3-9474-1A3956D46DE8}") = "Solution Items", "Solution Items", "{9781AAC6-F2C8-4DAA-9922-46B937854383}"
	ProjectSection(SolutionItems) = preProject
		LICENSE = LICENSE
		README.md = README.md
	EndProjectSection
EndProject
Project("{D954291E-2A0B-460D-934E-DC6B0785DB48}") = "CoreTweet.Shared", "CoreTweet.Shared\CoreTweet.Shared.shproj", "{0143F454-1D66-48D0-AA28-7BA7A2502EA5}"
EndProject
Project("{FAE04EC0-301F-11D3-BF4B-00C04F79EFBC}") = "RestApisGen", "RestApisGen\RestApisGen.csproj", "{4CE2E990-4E40-4BDF-86AF-372A5275C397}"
EndProject
Project("{8BB2217D-0F2D-49D1-97BC-3654ED321F3B}") = "LibAzyotter", "LibAzyotter\LibAzyotter.xproj", "{5BBF26C5-CF33-4F7F-8957-4F9278B7E26B}"
EndProject
Global
	GlobalSection(SharedMSBuildProjectFiles) = preSolution
		CoreTweet.Shared\CoreTweet.Shared.projitems*{0143f454-1d66-48d0-aa28-7ba7a2502ea5}*SharedItemsImports = 13
	EndGlobalSection
	GlobalSection(SolutionConfigurationPlatforms) = preSolution
		Debug|Any CPU = Debug|Any CPU
		Debug|ARM = Debug|ARM
		Debug|x64 = Debug|x64
		Debug|x86 = Debug|x86
		Release|Any CPU = Release|Any CPU
		Release|ARM = Release|ARM
		Release|x64 = Release|x64
		Release|x86 = Release|x86
	EndGlobalSection
	GlobalSection(ProjectConfigurationPlatforms) = postSolution
		{4CE2E990-4E40-4BDF-86AF-372A5275C397}.Debug|Any CPU.ActiveCfg = Debug|Any CPU
		{4CE2E990-4E40-4BDF-86AF-372A5275C397}.Debug|Any CPU.Build.0 = Debug|Any CPU
		{4CE2E990-4E40-4BDF-86AF-372A5275C397}.Debug|ARM.ActiveCfg = Debug|Any CPU
		{4CE2E990-4E40-4BDF-86AF-372A5275C397}.Debug|x64.ActiveCfg = Debug|Any CPU
		{4CE2E990-4E40-4BDF-86AF-372A5275C397}.Debug|x86.ActiveCfg = Debug|Any CPU
		{4CE2E990-4E40-4BDF-86AF-372A5275C397}.Release|Any CPU.ActiveCfg = Debug|Any CPU
		{4CE2E990-4E40-4BDF-86AF-372A5275C397}.Release|Any CPU.Build.0 = Debug|Any CPU
		{4CE2E990-4E40-4BDF-86AF-372A5275C397}.Release|ARM.ActiveCfg = Debug|Any CPU
		{4CE2E990-4E40-4BDF-86AF-372A5275C397}.Release|x64.ActiveCfg = Debug|Any CPU
		{4CE2E990-4E40-4BDF-86AF-372A5275C397}.Release|x86.ActiveCfg = Debug|Any CPU
		{5BBF26C5-CF33-4F7F-8957-4F9278B7E26B}.Debug|Any CPU.ActiveCfg = Debug|Any CPU
		{5BBF26C5-CF33-4F7F-8957-4F9278B7E26B}.Debug|Any CPU.Build.0 = Debug|Any CPU
		{5BBF26C5-CF33-4F7F-8957-4F9278B7E26B}.Debug|ARM.ActiveCfg = Debug|Any CPU
		{5BBF26C5-CF33-4F7F-8957-4F9278B7E26B}.Debug|ARM.Build.0 = Debug|Any CPU
		{5BBF26C5-CF33-4F7F-8957-4F9278B7E26B}.Debug|x64.ActiveCfg = Debug|Any CPU
		{5BBF26C5-CF33-4F7F-8957-4F9278B7E26B}.Debug|x64.Build.0 = Debug|Any CPU
		{5BBF26C5-CF33-4F7F-8957-4F9278B7E26B}.Debug|x86.ActiveCfg = Debug|Any CPU
		{5BBF26C5-CF33-4F7F-8957-4F9278B7E26B}.Debug|x86.Build.0 = Debug|Any CPU
		{5BBF26C5-CF33-4F7F-8957-4F9278B7E26B}.Release|Any CPU.ActiveCfg = Release|Any CPU
		{5BBF26C5-CF33-4F7F-8957-4F9278B7E26B}.Release|Any CPU.Build.0 = Release|Any CPU
		{5BBF26C5-CF33-4F7F-8957-4F9278B7E26B}.Release|ARM.ActiveCfg = Release|Any CPU
		{5BBF26C5-CF33-4F7F-8957-4F9278B7E26B}.Release|ARM.Build.0 = Release|Any CPU
		{5BBF26C5-CF33-4F7F-8957-4F9278B7E26B}.Release|x64.ActiveCfg = Release|Any CPU
		{5BBF26C5-CF33-4F7F-8957-4F9278B7E26B}.Release|x64.Build.0 = Release|Any CPU
		{5BBF26C5-CF33-4F7F-8957-4F9278B7E26B}.Release|x86.ActiveCfg = Release|Any CPU
		{5BBF26C5-CF33-4F7F-8957-4F9278B7E26B}.Release|x86.Build.0 = Release|Any CPU
	EndGlobalSection
	GlobalSection(SolutionProperties) = preSolution
		HideSolutionNode = FALSE
	EndGlobalSection
	GlobalSection(MonoDevelopProperties) = preSolution
		Policies = $0
		$0.TextStylePolicy = $1
		$1.FileWidth = 999
		$1.inheritsSet = VisualStudio
		$1.inheritsScope = text/plain
		$1.scope = text/x-csharp
		$0.CSharpFormattingPolicy = $2
		$2.IndentSwitchBody = True
		$2.AnonymousMethodBraceStyle = NextLine
		$2.PropertyBraceStyle = NextLine
		$2.PropertyGetBraceStyle = NextLine
		$2.PropertySetBraceStyle = NextLine
		$2.EventBraceStyle = NextLine
		$2.EventAddBraceStyle = NextLine
		$2.EventRemoveBraceStyle = NextLine
		$2.StatementBraceStyle = NextLine
		$2.BeforeMethodDeclarationParentheses = False
		$2.BeforeMethodCallParentheses = False
		$2.BeforeConstructorDeclarationParentheses = False
		$2.BeforeDelegateDeclarationParentheses = False
		$2.NewParentheses = False
		$2.IfParentheses = False
		$2.WhileParentheses = False
		$2.ForParentheses = False
		$2.ForeachParentheses = False
		$2.CatchParentheses = False
		$2.SwitchParentheses = False
		$2.LockParentheses = False
		$2.UsingParentheses = False
		$2.SpacesBeforeBrackets = False
		$2.inheritsSet = Mono
		$2.inheritsScope = text/x-csharp
		$2.scope = text/x-csharp
		$0.DotNetNamingPolicy = $3
		$3.DirectoryNamespaceAssociation = None
		$3.ResourceNamePolicy = FileFormatDefault
	EndGlobalSection
EndGlobal
